
Microsoft Visual Studio Solution File, Format Version 12.00
# Visual Studio Version 17
VisualStudioVersion = 17.8.34330.188
MinimumVisualStudioVersion = 10.0.40219.1
Project("{FAE04EC0-301F-11D3-BF4B-00C04F79EFBC}") = "DVUProject", "DVUProject\DVUProject.csproj", "{48495AC8-1431-48F7-A1E0-C774534E719B}"
EndProject
Global
	GlobalSection(SolutionConfigurationPlatforms) = preSolution
		Debug|Any CPU = Debug|Any CPU
		Release|Any CPU = Release|Any CPU
	EndGlobalSection
	GlobalSection(ProjectConfigurationPlatforms) = postSolution
		{48495AC8-1431-48F7-A1E0-C774534E719B}.Debug|Any CPU.ActiveCfg = Debug|Any CPU
		{48495AC8-1431-48F7-A1E0-C774534E719B}.Debug|Any CPU.Build.0 = Debug|Any CPU
		{48495AC8-1431-48F7-A1E0-C774534E719B}.Release|Any CPU.ActiveCfg = Release|Any CPU
		{48495AC8-1431-48F7-A1E0-C774534E719B}.Release|Any CPU.Build.0 = Release|Any CPU
	EndGlobalSection
	GlobalSection(SolutionProperties) = preSolution
		HideSolutionNode = FALSE
	EndGlobalSection
	GlobalSection(ExtensibilityGlobals) = postSolution
		SolutionGuid = {F6D444F3-2198-4EFC-8C91-E5E4E783CDED}
	EndGlobalSection
EndGlobal
